{
  "name": "@kmavillanosa/quicknext",
  "version": "1.0.0",
  "lockfileVersion": 3,
  "requires": true,
  "packages": {
    "": {
      "name": "@kmavillanosa/quicknext",
      "version": "1.0.0",
      "license": "ISC",
      "dependencies": {
        "@kmavillanosa/quicknext": "^1.0.0"
      },
      "bin": {
        "create-boilerplate": "generate-app.js"
      },
      "devDependencies": {}
    },
    "node_modules/@kmavillanosa/quicknext": {
      "version": "1.0.0",
      "resolved": "https://registry.npmjs.org/@kmavillanosa/quicknext/-/quicknext-1.0.0.tgz",
      "integrity": "sha512-3VhFRoCTjjpDe1wasbA8zaQsyhQfBKWqJ/Nrfb1pmRo4FEqSKnMGcT/HAh4z59hN+gT0VvTrcbV1CWyK+n/KVg==",
      "bin": {
        "create-boilerplate": "generate-app.js"
      }
    }
  }
}
